{
  "originHash" : "fb952bb9fa52859a99a96a0731743901f5ab491140ccb0f2c27d1748d9775e52",
  "pins" : [
    {
      "identity" : "silentmoondomain",
      "kind" : "remoteSourceControl",
      "location" : "https://github.com/kerimovq5-blip/SilentMoonDomain",
      "state" : {
        "branch" : "main",
        "revision" : "f9a56905ce95463cbc7e89ead826ecfeecd85e34"
      }
    }
  ],
  "version" : 3
}
